<?xml version="1.0" encoding="utf-8"?>
<Project ToolsVersion="4.0" xmlns="http://schemas.microsoft.com/developer/msbuild/2003">
  <ItemGroup>
    <None Include="packages.config" />
  </ItemGroup>
  <ItemGroup>
    <ClCompile Include="Source\main.cpp" />
    <ClCompile Include="Source\Utility\Log.cpp" />
    <ClCompile Include="Source\Platform\Application.cpp" />
  </ItemGroup>
  <ItemGroup>
    <ClInclude Include="Source\Base.h" />
    <ClInclude Include="Source\Utility\Log.h" />
    <ClInclude Include="Source\Platform\Application.h" />
  </ItemGroup>
</Project>