<?xml version="1.0" encoding="utf-8"?>
<Project ToolsVersion="4.0" xmlns="http://schemas.microsoft.com/developer/msbuild/2003">
  <ItemGroup>
    <None Include="packages.config" />
  </ItemGroup>
  <ItemGroup>
    <ClCompile Include="Source\main.cpp" />
    <ClCompile Include="Source\Utility\Log.cpp" />
    <ClCompile Include="Source\Platform\Application.cpp" />
    <ClCompile Include="Source\Platform\Window\Window.cpp" />
    <ClCompile Include="Source\Platform\Window\WindowManager.cpp" />
    <ClCompile Include="Source\Platform\Workspace\Workspace.cpp" />
    <ClCompile Include="Source\Platform\Workspace\FileWatcher.cpp" />
    <ClCompile Include="Source\Function\Graphics\GraphicEngine.cpp" />
    <ClCompile Include="Source\Function\Graphics\ImGui\ImGuiImplRenderLib.cpp" />
    <ClCompile Include="Source\Utility\Event\EventBus.cpp" />
    <ClCompile Include="Source\Utility\Event\EventListener.cpp" />
    <ClCompile Include="Source\Utility\Event\Events.cpp" />
    <ClCompile Include="..\ThirdParty\DiligentEngine\DiligentTools\ThirdParty\imgui\backends\imgui_impl_glfw.cpp" />
    <ClCompile Include="Source\Function\Graphics\ImGui\GuiBase.cpp" />
    <ClCompile Include="Source\Function\Graphics\ImGui\GuiComponent\Window\DemoWindow.cpp" />
    <ClCompile Include="Source\Function\Graphics\ImGui\GuiComponent\Window\imgui_demo.cpp" />
    <ClCompile Include="Source\Function\Graphics\ImGui\GuiSystem.cpp" />
    <ClCompile Include="Source\Function\Graphics\ImGui\GuiWindowBase.cpp" />
    <ClCompile Include="Source\Function\Scripting\ScriptingEngine.cpp" />
    <ClCompile Include="Source\Function\Graphics\ImGui\GuiComponent\MenuBar\MainMenuBar.cpp" />
    <ClCompile Include="Source\Function\Graphics\Camera\Camera.cpp" />
    <ClCompile Include="Source\Function\Graphics\Camera\MathCamera.cpp" />
    <ClCompile Include="Source\Function\Graphics\Camera\SceneCamera.cpp" />
    <ClCompile Include="Source\Function\Graphics\ImGui\GuiComponent\Window\SceneWindow.cpp" />
    <ClCompile Include="Source\Function\Graphics\ImGui\GuiToolWindowBase.cpp" />
    <ClCompile Include="Source\Function\Scripting\Interop\Bindings.cpp" />
    <ClCompile Include="Source\Function\Scripting\Interop\InteropService.cpp" />
    <ClCompile Include="Source\Platform\Input\InputManager.cpp" />
    <ClCompile Include="Source\Utility\Preference\PreferenceManager.cpp" />
    <ClCompile Include="Source\Utility\Timer\Timer.cpp" />
  </ItemGroup>
  <ItemGroup>
    <ClInclude Include="Source\Base.h" />
    <ClInclude Include="Source\Utility\Log.h" />
    <ClInclude Include="Source\Platform\Application.h" />
    <ClInclude Include="Source\Platform\Window\Window.h" />
    <ClInclude Include="Source\Platform\Window\WindowManager.h" />
    <ClInclude Include="Source\Platform\Workspace\Workspace.h" />
    <ClInclude Include="Source\Platform\Workspace\FileWatcher.h" />
    <ClInclude Include="Source\Function\Graphics\GraphicEngine.h" />
    <ClInclude Include="Source\Function\Graphics\ImGui\ImGuiImplRenderLib.h" />
    <ClInclude Include="Source\Utility\Event\EventBus.h" />
    <ClInclude Include="Source\Utility\Event\EventListener.h" />
    <ClInclude Include="Source\Utility\Event\Events.h" />
    <ClInclude Include="Source\Utility\KeyCodes.h" />
    <ClInclude Include="Source\Function\Graphics\ImGui\GuiBase.h" />
    <ClInclude Include="Source\Function\Graphics\ImGui\GuiComponent\Window\DemoWindow.h" />
    <ClInclude Include="Source\Function\Graphics\ImGui\GuiSystem.h" />
    <ClInclude Include="Source\Function\Graphics\ImGui\GuiWindowBase.h" />
    <ClInclude Include="Source\Function\Scripting\ScriptingEngine.h" />
    <ClInclude Include="Source\Utility\Functions.h" />
    <ClInclude Include="Source\Function\Graphics\ImGui\GuiComponent\MenuBar\MainMenuBar.h" />
    <ClInclude Include="Source\Function\Graphics\Camera\Camera.h" />
    <ClInclude Include="Source\Function\Graphics\Camera\MathCamera.h" />
    <ClInclude Include="Source\Function\Graphics\Camera\SceneCamera.h" />
    <ClInclude Include="Source\Function\Graphics\ImGui\GuiComponent\Window\SceneWindow.h" />
    <ClInclude Include="Source\Function\Graphics\ImGui\GuiToolWindowBase.h" />
    <ClInclude Include="Source\Function\Scripting\Interop\Bindings.h" />
    <ClInclude Include="Source\Function\Scripting\Interop\InteropService.h" />
    <ClInclude Include="Source\Platform\Input\InputManager.h" />
    <ClInclude Include="Source\Utility\Preference\PreferenceManager.h" />
    <ClInclude Include="Source\Utility\Preference\ScriptingPreference.h" />
    <ClInclude Include="Source\Utility\Preference\WindowPreference.h" />
    <ClInclude Include="Source\Utility\Timer\Timer.h" />
    <ClInclude Include="Source\Utility\Preference\IPreference.h" />
  </ItemGroup>
</Project>